// !$*UTF8*$!
{
	archiveVersion = 1;
	classes = {
	};
	objectVersion = 77;
	objects = {

/* Begin PBXContainerItemProxy section */
		B84BC2E22D312049003E56D4 /* PBXContainerItemProxy */ = {
			isa = PBXContainerItemProxy;
			containerPortal = B84BC2C62D312045003E56D4 /* Project object */;
			proxyType = 1;
			remoteGlobalIDString = B84BC2CD2D312045003E56D4;
			remoteInfo = PicExpress;
		};
		B84BC2EC2D312049003E56D4 /* PBXContainerItemProxy */ = {
			isa = PBXContainerItemProxy;
			containerPortal = B84BC2C62D312045003E56D4 /* Project object */;
			proxyType = 1;
			remoteGlobalIDString = B84BC2CD2D312045003E56D4;
			remoteInfo = PicExpress;
		};
/* End PBXContainerItemProxy section */

/* Begin PBXFileReference section */
		B84BC2CE2D312045003E56D4 /* PicExpress.app */ = {isa = PBXFileReference; explicitFileType = wrapper.application; includeInIndex = 0; path = PicExpress.app; sourceTree = BUILT_PRODUCTS_DIR; };
		B84BC2E12D312049003E56D4 /* PicExpressTests.xctest */ = {isa = PBXFileReference; explicitFileType = wrapper.cfbundle; includeInIndex = 0; path = PicExpressTests.xctest; sourceTree = BUILT_PRODUCTS_DIR; };
		B84BC2EB2D312049003E56D4 /* PicExpressUITests.xctest */ = {isa = PBXFileReference; explicitFileType = wrapper.cfbundle; includeInIndex = 0; path = PicExpressUITests.xctest; sourceTree = BUILT_PRODUCTS_DIR; };
/* End PBXFileReference section */

/* Begin PBXFileSystemSynchronizedRootGroup section */
		B84BC2D02D312045003E56D4 /* PicExpress */ = {
			isa = PBXFileSystemSynchronizedRootGroup;
			path = PicExpress;
			sourceTree = "<group>";
		};
		B84BC2E42D312049003E56D4 /* PicExpressTests */ = {
			isa = PBXFileSystemSynchronizedRootGroup;
			path = PicExpressTests;
			sourceTree = "<group>";
		};
		B84BC2EE2D312049003E56D4 /* PicExpressUITests */ = {
			isa = PBXFileSystemSynchronizedRootGroup;
			path = PicExpressUITests;
			sourceTree = "<group>";
		};
/* End PBXFileSystemSynchronizedRootGroup section */

/* Begin PBXFrameworksBuildPhase section */
		B84BC2CB2D312045003E56D4 /* Frameworks */ = {
			isa = PBXFrameworksBuildPhase;
			buildActionMask = 2147483647;
			files = (
			);
			runOnlyForDeploymentPostprocessing = 0;
		};
		B84BC2DE2D312049003E56D4 /* Frameworks */ = {
			isa = PBXFrameworksBuildPhase;
			buildActionMask = 2147483647;
			files = (
			);
			runOnlyForDeploymentPostprocessing = 0;
		};
		B84BC2E82D312049003E56D4 /* Frameworks */ = {
			isa = PBXFrameworksBuildPhase;
			buildActionMask = 2147483647;
			files = (
			);
			runOnlyForDeploymentPostprocessing = 0;
		};
/* End PBXFrameworksBuildPhase section */

/* Begin PBXGroup section */
		B84BC2C52D312045003E56D4 = {
			isa = PBXGroup;
			children = (
				B84BC2D02D312045003E56D4 /* PicExpress */,
				B84BC2E42D312049003E56D4 /* PicExpressTests */,
				B84BC2EE2D312049003E56D4 /* PicExpressUITests */,
				B84BC2CF2D312045003E56D4 /* Products */,
			);
			sourceTree = "<group>";
		};
		B84BC2CF2D312045003E56D4 /* Products */ = {
			isa = PBXGroup;
			children = (
				B84BC2CE2D312045003E56D4 /* PicExpress.app */,
				B84BC2E12D312049003E56D4 /* PicExpressTests.xctest */,
				B84BC2EB2D312049003E56D4 /* PicExpressUITests.xctest */,
			);
			name = Products;
			sourceTree = "<group>";
		};
/* End PBXGroup section */

/* Begin PBXNativeTarget section */
		B84BC2CD2D312045003E56D4 /* PicExpress */ = {
			isa = PBXNativeTarget;
			buildConfigurationList = B84BC2F52D312049003E56D4 /* Build configuration list for PBXNativeTarget "PicExpress" */;
			buildPhases = (
				B84BC2CA2D312045003E56D4 /* Sources */,
				B84BC2CB2D312045003E56D4 /* Frameworks */,
				B84BC2CC2D312045003E56D4 /* Resources */,
			);
			buildRules = (
			);
			dependencies = (
			);
			fileSystemSynchronizedGroups = (
				B84BC2D02D312045003E56D4 /* PicExpress */,
			);
			name = PicExpress;
			packageProductDependencies = (
			);
			productName = PicExpress;
			productReference = B84BC2CE2D312045003E56D4 /* PicExpress.app */;
			productType = "com.apple.product-type.application";
		};
		B84BC2E02D312049003E56D4 /* PicExpressTests */ = {
			isa = PBXNativeTarget;
			buildConfigurationList = B84BC2F82D312049003E56D4 /* Build configuration list for PBXNativeTarget "PicExpressTests" */;
			buildPhases = (
				B84BC2DD2D312049003E56D4 /* Sources */,
				B84BC2DE2D312049003E56D4 /* Frameworks */,
				B84BC2DF2D312049003E56D4 /* Resources */,
			);
			buildRules = (
			);
			dependencies = (
				B84BC2E32D312049003E56D4 /* PBXTargetDependency */,
			);
			fileSystemSynchronizedGroups = (
				B84BC2E42D312049003E56D4 /* PicExpressTests */,
			);
			name = PicExpressTests;
			packageProductDependencies = (
			);
			productName = PicExpressTests;
			productReference = B84BC2E12D312049003E56D4 /* PicExpressTests.xctest */;
			productType = "com.apple.product-type.bundle.unit-test";
		};
		B84BC2EA2D312049003E56D4 /* PicExpressUITests */ = {
			isa = PBXNativeTarget;
			buildConfigurationList = B84BC2FB2D312049003E56D4 /* Build configuration list for PBXNativeTarget "PicExpressUITests" */;
			buildPhases = (
				B84BC2E72D312049003E56D4 /* Sources */,
				B84BC2E82D312049003E56D4 /* Frameworks */,
				B84BC2E92D312049003E56D4 /* Resources */,
			);
			buildRules = (
			);
			dependencies = (
				B84BC2ED2D312049003E56D4 /* PBXTargetDependency */,
			);
			fileSystemSynchronizedGroups = (
				B84BC2EE2D312049003E56D4 /* PicExpressUITests */,
			);
			name = PicExpressUITests;
			packageProductDependencies = (
			);
			productName = PicExpressUITests;
			productReference = B84BC2EB2D312049003E56D4 /* PicExpressUITests.xctest */;
			productType = "com.apple.product-type.bundle.ui-testing";
		};
/* End PBXNativeTarget section */

/* Begin PBXProject section */
		B84BC2C62D312045003E56D4 /* Project object */ = {
			isa = PBXProject;
			attributes = {
				BuildIndependentTargetsInParallel = 1;
				LastSwiftUpdateCheck = 1620;
				LastUpgradeCheck = 1620;
				TargetAttributes = {
					B84BC2CD2D312045003E56D4 = {
						CreatedOnToolsVersion = 16.2;
					};
					B84BC2E02D312049003E56D4 = {
						CreatedOnToolsVersion = 16.2;
						TestTargetID = B84BC2CD2D312045003E56D4;
					};
					B84BC2EA2D312049003E56D4 = {
						CreatedOnToolsVersion = 16.2;
						TestTargetID = B84BC2CD2D312045003E56D4;
					};
				};
			};
			buildConfigurationList = B84BC2C92D312045003E56D4 /* Build configuration list for PBXProject "PicExpress" */;
			developmentRegion = en;
			hasScannedForEncodings = 0;
			knownRegions = (
				en,
				Base,
			);
			mainGroup = B84BC2C52D312045003E56D4;
			minimizedProjectReferenceProxies = 1;
			preferredProjectObjectVersion = 77;
			productRefGroup = B84BC2CF2D312045003E56D4 /* Products */;
			projectDirPath = "";
			projectRoot = "";
			targets = (
				B84BC2CD2D312045003E56D4 /* PicExpress */,
				B84BC2E02D312049003E56D4 /* PicExpressTests */,
				B84BC2EA2D312049003E56D4 /* PicExpressUITests */,
			);
		};
/* End PBXProject section */

/* Begin PBXResourcesBuildPhase section */
		B84BC2CC2D312045003E56D4 /* Resources */ = {
			isa = PBXResourcesBuildPhase;
			buildActionMask = 2147483647;
			files = (
			);
			runOnlyForDeploymentPostprocessing = 0;
		};
		B84BC2DF2D312049003E56D4 /* Resources */ = {
			isa = PBXResourcesBuildPhase;
			buildActionMask = 2147483647;
			files = (
			);
			runOnlyForDeploymentPostprocessing = 0;
		};
		B84BC2E92D312049003E56D4 /* Resources */ = {
			isa = PBXResourcesBuildPhase;
			buildActionMask = 2147483647;
			files = (
			);
			runOnlyForDeploymentPostprocessing = 0;
		};
/* End PBXResourcesBuildPhase section */

/* Begin PBXSourcesBuildPhase section */
		B84BC2CA2D312045003E56D4 /* Sources */ = {
			isa = PBXSourcesBuildPhase;
			buildActionMask = 2147483647;
			files = (
			);
			runOnlyForDeploymentPostprocessing = 0;
		};
		B84BC2DD2D312049003E56D4 /* Sources */ = {
			isa = PBXSourcesBuildPhase;
			buildActionMask = 2147483647;
			files = (
			);
			runOnlyForDeploymentPostprocessing = 0;
		};
		B84BC2E72D312049003E56D4 /* Sources */ = {
			isa = PBXSourcesBuildPhase;
			buildActionMask = 2147483647;
			files = (
			);
			runOnlyForDeploymentPostprocessing = 0;
		};
/* End PBXSourcesBuildPhase section */

/* Begin PBXTargetDependency section */
		B84BC2E32D312049003E56D4 /* PBXTargetDependency */ = {
			isa = PBXTargetDependency;
			target = B84BC2CD2D312045003E56D4 /* PicExpress */;
			targetProxy = B84BC2E22D312049003E56D4 /* PBXContainerItemProxy */;
		};
		B84BC2ED2D312049003E56D4 /* PBXTargetDependency */ = {
			isa = PBXTargetDependency;
			target = B84BC2CD2D312045003E56D4 /* PicExpress */;
			targetProxy = B84BC2EC2D312049003E56D4 /* PBXContainerItemProxy */;
		};
/* End PBXTargetDependency section */

/* Begin XCBuildConfiguration section */
		B84BC2F32D312049003E56D4 /* Debug */ = {
			isa = XCBuildConfiguration;
			buildSettings = {
				ALWAYS_SEARCH_USER_PATHS = NO;
				ASSETCATALOG_COMPILER_GENERATE_SWIFT_ASSET_SYMBOL_EXTENSIONS = YES;
				CLANG_ANALYZER_NONNULL = YES;
				CLANG_ANALYZER_NUMBER_OBJECT_CONVERSION = YES_AGGRESSIVE;
				CLANG_CXX_LANGUAGE_STANDARD = "gnu++20";
				CLANG_ENABLE_MODULES = YES;
				CLANG_ENABLE_OBJC_ARC = YES;
				CLANG_ENABLE_OBJC_WEAK = YES;
				CLANG_WARN_BLOCK_CAPTURE_AUTORELEASING = YES;
				CLANG_WARN_BOOL_CONVERSION = YES;
				CLANG_WARN_COMMA = YES;
				CLANG_WARN_CONSTANT_CONVERSION = YES;
				CLANG_WARN_DEPRECATED_OBJC_IMPLEMENTATIONS = YES;
				CLANG_WARN_DIRECT_OBJC_ISA_USAGE = YES_ERROR;
				CLANG_WARN_DOCUMENTATION_COMMENTS = YES;
				CLANG_WARN_EMPTY_BODY = YES;
				CLANG_WARN_ENUM_CONVERSION = YES;
				CLANG_WARN_INFINITE_RECURSION = YES;
				CLANG_WARN_INT_CONVERSION = YES;
				CLANG_WARN_NON_LITERAL_NULL_CONVERSION = YES;
				CLANG_WARN_OBJC_IMPLICIT_RETAIN_SELF = YES;
				CLANG_WARN_OBJC_LITERAL_CONVERSION = YES;
				CLANG_WARN_OBJC_ROOT_CLASS = YES_ERROR;
				CLANG_WARN_QUOTED_INCLUDE_IN_FRAMEWORK_HEADER = YES;
				CLANG_WARN_RANGE_LOOP_ANALYSIS = YES;
				CLANG_WARN_STRICT_PROTOTYPES = YES;
				CLANG_WARN_SUSPICIOUS_MOVE = YES;
				CLANG_WARN_UNGUARDED_AVAILABILITY = YES_AGGRESSIVE;
				CLANG_WARN_UNREACHABLE_CODE = YES;
				CLANG_WARN__DUPLICATE_METHOD_MATCH = YES;
				COPY_PHASE_STRIP = NO;
				DEBUG_INFORMATION_FORMAT = dwarf;
				ENABLE_STRICT_OBJC_MSGSEND = YES;
				ENABLE_TESTABILITY = YES;
				ENABLE_USER_SCRIPT_SANDBOXING = YES;
				GCC_C_LANGUAGE_STANDARD = gnu17;
				GCC_DYNAMIC_NO_PIC = NO;
				GCC_NO_COMMON_BLOCKS = YES;
				GCC_OPTIMIZATION_LEVEL = 0;
				GCC_PREPROCESSOR_DEFINITIONS = (
					"DEBUG=1",
					"$(inherited)",
				);
				GCC_WARN_64_TO_32_BIT_CONVERSION = YES;
				GCC_WARN_ABOUT_RETURN_TYPE = YES_ERROR;
				GCC_WARN_UNDECLARED_SELECTOR = YES;
				GCC_WARN_UNINITIALIZED_AUTOS = YES_AGGRESSIVE;
				GCC_WARN_UNUSED_FUNCTION = YES;
				GCC_WARN_UNUSED_VARIABLE = YES;
				LOCALIZATION_PREFERS_STRING_CATALOGS = YES;
				MACOSX_DEPLOYMENT_TARGET = 15.2;
				MTL_ENABLE_DEBUG_INFO = INCLUDE_SOURCE;
				MTL_FAST_MATH = YES;
				ONLY_ACTIVE_ARCH = YES;
				SDKROOT = macosx;
				SWIFT_ACTIVE_COMPILATION_CONDITIONS = "DEBUG $(inherited)";
				SWIFT_OPTIMIZATION_LEVEL = "-Onone";
			};
			name = Debug;
		};
		B84BC2F42D312049003E56D4 /* Release */ = {
			isa = XCBuildConfiguration;
			buildSettings = {
				ALWAYS_SEARCH_USER_PATHS = NO;
				ASSETCATALOG_COMPILER_GENERATE_SWIFT_ASSET_SYMBOL_EXTENSIONS = YES;
				CLANG_ANALYZER_NONNULL = YES;
				CLANG_ANALYZER_NUMBER_OBJECT_CONVERSION = YES_AGGRESSIVE;
				CLANG_CXX_LANGUAGE_STANDARD = "gnu++20";
				CLANG_ENABLE_MODULES = YES;
				CLANG_ENABLE_OBJC_ARC = YES;
				CLANG_ENABLE_OBJC_WEAK = YES;
				CLANG_WARN_BLOCK_CAPTURE_AUTORELEASING = YES;
				CLANG_WARN_BOOL_CONVERSION = YES;
				CLANG_WARN_COMMA = YES;
				CLANG_WARN_CONSTANT_CONVERSION = YES;
				CLANG_WARN_DEPRECATED_OBJC_IMPLEMENTATIONS = YES;
				CLANG_WARN_DIRECT_OBJC_ISA_USAGE = YES_ERROR;
				CLANG_WARN_DOCUMENTATION_COMMENTS = YES;
				CLANG_WARN_EMPTY_BODY = YES;
				CLANG_WARN_ENUM_CONVERSION = YES;
				CLANG_WARN_INFINITE_RECURSION = YES;
				CLANG_WARN_INT_CONVERSION = YES;
				CLANG_WARN_NON_LITERAL_NULL_CONVERSION = YES;
				CLANG_WARN_OBJC_IMPLICIT_RETAIN_SELF = YES;
				CLANG_WARN_OBJC_LITERAL_CONVERSION = YES;
				CLANG_WARN_OBJC_ROOT_CLASS = YES_ERROR;
				CLANG_WARN_QUOTED_INCLUDE_IN_FRAMEWORK_HEADER = YES;
				CLANG_WARN_RANGE_LOOP_ANALYSIS = YES;
				CLANG_WARN_STRICT_PROTOTYPES = YES;
				CLANG_WARN_SUSPICIOUS_MOVE = YES;
				CLANG_WARN_UNGUARDED_AVAILABILITY = YES_AGGRESSIVE;
				CLANG_WARN_UNREACHABLE_CODE = YES;
				CLANG_WARN__DUPLICATE_METHOD_MATCH = YES;
				COPY_PHASE_STRIP = NO;
				DEBUG_INFORMATION_FORMAT = "dwarf-with-dsym";
				ENABLE_NS_ASSERTIONS = NO;
				ENABLE_STRICT_OBJC_MSGSEND = YES;
				ENABLE_USER_SCRIPT_SANDBOXING = YES;
				GCC_C_LANGUAGE_STANDARD = gnu17;
				GCC_NO_COMMON_BLOCKS = YES;
				GCC_WARN_64_TO_32_BIT_CONVERSION = YES;
				GCC_WARN_ABOUT_RETURN_TYPE = YES_ERROR;
				GCC_WARN_UNDECLARED_SELECTOR = YES;
				GCC_WARN_UNINITIALIZED_AUTOS = YES_AGGRESSIVE;
				GCC_WARN_UNUSED_FUNCTION = YES;
				GCC_WARN_UNUSED_VARIABLE = YES;
				LOCALIZATION_PREFERS_STRING_CATALOGS = YES;
				MACOSX_DEPLOYMENT_TARGET = 15.2;
				MTL_ENABLE_DEBUG_INFO = NO;
				MTL_FAST_MATH = YES;
				SDKROOT = macosx;
				SWIFT_COMPILATION_MODE = wholemodule;
			};
			name = Release;
		};
		B84BC2F62D312049003E56D4 /* Debug */ = {
			isa = XCBuildConfiguration;
			buildSettings = {
				ASSETCATALOG_COMPILER_APPICON_NAME = AppIcon;
				ASSETCATALOG_COMPILER_GLOBAL_ACCENT_COLOR_NAME = AccentColor;
				CODE_SIGN_ENTITLEMENTS = PicExpress/PicExpress.entitlements;
				CODE_SIGN_STYLE = Automatic;
				COMBINE_HIDPI_IMAGES = YES;
				CURRENT_PROJECT_VERSION = 1;
				DEVELOPMENT_ASSET_PATHS = "\"PicExpress/Preview Content\"";
				DEVELOPMENT_TEAM = LNK8ZPXJDG;
				ENABLE_HARDENED_RUNTIME = YES;
				ENABLE_PREVIEWS = YES;
				GENERATE_INFOPLIST_FILE = YES;
				INFOPLIST_KEY_NSHumanReadableCopyright = "";
				LD_RUNPATH_SEARCH_PATHS = (
					"$(inherited)",
					"@executable_path/../Frameworks",
				);
				MACOSX_DEPLOYMENT_TARGET = 14.0;
				MARKETING_VERSION = 1.0;
				PRODUCT_BUNDLE_IDENTIFIER = com.michaelattal.PicExpress;
				PRODUCT_NAME = "$(TARGET_NAME)";
				SWIFT_EMIT_LOC_STRINGS = YES;
				SWIFT_VERSION = 5.0;
			};
			name = Debug;
		};
		B84BC2F72D312049003E56D4 /* Release */ = {
			isa = XCBuildConfiguration;
			buildSettings = {
				ASSETCATALOG_COMPILER_APPICON_NAME = AppIcon;
				ASSETCATALOG_COMPILER_GLOBAL_ACCENT_COLOR_NAME = AccentColor;
				CODE_SIGN_ENTITLEMENTS = PicExpress/PicExpress.entitlements;
				CODE_SIGN_STYLE = Automatic;
				COMBINE_HIDPI_IMAGES = YES;
				CURRENT_PROJECT_VERSION = 1;
				DEVELOPMENT_ASSET_PATHS = "\"PicExpress/Preview Content\"";
				DEVELOPMENT_TEAM = LNK8ZPXJDG;
				ENABLE_HARDENED_RUNTIME = YES;
				ENABLE_PREVIEWS = YES;
				GENERATE_INFOPLIST_FILE = YES;
				INFOPLIST_KEY_NSHumanReadableCopyright = "";
				LD_RUNPATH_SEARCH_PATHS = (
					"$(inherited)",
					"@executable_path/../Frameworks",
				);
				MACOSX_DEPLOYMENT_TARGET = 14.0;
				MARKETING_VERSION = 1.0;
				PRODUCT_BUNDLE_IDENTIFIER = com.michaelattal.PicExpress;
				PRODUCT_NAME = "$(TARGET_NAME)";
				SWIFT_EMIT_LOC_STRINGS = YES;
				SWIFT_VERSION = 5.0;
			};
			name = Release;
		};
		B84BC2F92D312049003E56D4 /* Debug */ = {
			isa = XCBuildConfiguration;
			buildSettings = {
				BUNDLE_LOADER = "$(TEST_HOST)";
				CODE_SIGN_STYLE = Automatic;
				CURRENT_PROJECT_VERSION = 1;
				DEVELOPMENT_TEAM = LNK8ZPXJDG;
				GENERATE_INFOPLIST_FILE = YES;
				MACOSX_DEPLOYMENT_TARGET = 14.0;
				MARKETING_VERSION = 1.0;
				PRODUCT_BUNDLE_IDENTIFIER = com.michaelattal.PicExpressTests;
				PRODUCT_NAME = "$(TARGET_NAME)";
				SWIFT_EMIT_LOC_STRINGS = NO;
				SWIFT_VERSION = 5.0;
				TEST_HOST = "$(BUILT_PRODUCTS_DIR)/PicExpress.app/$(BUNDLE_EXECUTABLE_FOLDER_PATH)/PicExpress";
			};
			name = Debug;
		};
		B84BC2FA2D312049003E56D4 /* Release */ = {
			isa = XCBuildConfiguration;
			buildSettings = {
				BUNDLE_LOADER = "$(TEST_HOST)";
				CODE_SIGN_STYLE = Automatic;
				CURRENT_PROJECT_VERSION = 1;
				DEVELOPMENT_TEAM = LNK8ZPXJDG;
				GENERATE_INFOPLIST_FILE = YES;
				MACOSX_DEPLOYMENT_TARGET = 14.0;
				MARKETING_VERSION = 1.0;
				PRODUCT_BUNDLE_IDENTIFIER = com.michaelattal.PicExpressTests;
				PRODUCT_NAME = "$(TARGET_NAME)";
				SWIFT_EMIT_LOC_STRINGS = NO;
				SWIFT_VERSION = 5.0;
				TEST_HOST = "$(BUILT_PRODUCTS_DIR)/PicExpress.app/$(BUNDLE_EXECUTABLE_FOLDER_PATH)/PicExpress";
			};
			name = Release;
		};
		B84BC2FC2D312049003E56D4 /* Debug */ = {
			isa = XCBuildConfiguration;
			buildSettings = {
				CODE_SIGN_STYLE = Automatic;
				CURRENT_PROJECT_VERSION = 1;
				DEVELOPMENT_TEAM = LNK8ZPXJDG;
				GENERATE_INFOPLIST_FILE = YES;
				MARKETING_VERSION = 1.0;
				PRODUCT_BUNDLE_IDENTIFIER = com.michaelattal.PicExpressUITests;
				PRODUCT_NAME = "$(TARGET_NAME)";
				SWIFT_EMIT_LOC_STRINGS = NO;
				SWIFT_VERSION = 5.0;
				TEST_TARGET_NAME = PicExpress;
			};
			name = Debug;
		};
		B84BC2FD2D312049003E56D4 /* Release */ = {
			isa = XCBuildConfiguration;
			buildSettings = {
				CODE_SIGN_STYLE = Automatic;
				CURRENT_PROJECT_VERSION = 1;
				DEVELOPMENT_TEAM = LNK8ZPXJDG;
				GENERATE_INFOPLIST_FILE = YES;
				MARKETING_VERSION = 1.0;
				PRODUCT_BUNDLE_IDENTIFIER = com.michaelattal.PicExpressUITests;
				PRODUCT_NAME = "$(TARGET_NAME)";
				SWIFT_EMIT_LOC_STRINGS = NO;
				SWIFT_VERSION = 5.0;
				TEST_TARGET_NAME = PicExpress;
			};
			name = Release;
		};
/* End XCBuildConfiguration section */

/* Begin XCConfigurationList section */
		B84BC2C92D312045003E56D4 /* Build configuration list for PBXProject "PicExpress" */ = {
			isa = XCConfigurationList;
			buildConfigurations = (
				B84BC2F32D312049003E56D4 /* Debug */,
				B84BC2F42D312049003E56D4 /* Release */,
			);
			defaultConfigurationIsVisible = 0;
			defaultConfigurationName = Release;
		};
		B84BC2F52D312049003E56D4 /* Build configuration list for PBXNativeTarget "PicExpress" */ = {
			isa = XCConfigurationList;
			buildConfigurations = (
				B84BC2F62D312049003E56D4 /* Debug */,
				B84BC2F72D312049003E56D4 /* Release */,
			);
			defaultConfigurationIsVisible = 0;
			defaultConfigurationName = Release;
		};
		B84BC2F82D312049003E56D4 /* Build configuration list for PBXNativeTarget "PicExpressTests" */ = {
			isa = XCConfigurationList;
			buildConfigurations = (
				B84BC2F92D312049003E56D4 /* Debug */,
				B84BC2FA2D312049003E56D4 /* Release */,
			);
			defaultConfigurationIsVisible = 0;
			defaultConfigurationName = Release;
		};
		B84BC2FB2D312049003E56D4 /* Build configuration list for PBXNativeTarget "PicExpressUITests" */ = {
			isa = XCConfigurationList;
			buildConfigurations = (
				B84BC2FC2D312049003E56D4 /* Debug */,
				B84BC2FD2D312049003E56D4 /* Release */,
			);
			defaultConfigurationIsVisible = 0;
			defaultConfigurationName = Release;
		};
/* End XCConfigurationList section */
	};
	rootObject = B84BC2C62D312045003E56D4 /* Project object */;
}
